Microsoft Visual Studio Solution File, Format Version 12.00
# Visual Studio Version 17
VisualStudioVersion = 17.5.2.0
MinimumVisualStudioVersion = 10.0.40219.1
Project("{FAE04EC0-301F-11D3-BF4B-00C04F79EFBC}") = "TaskManagementApi.Tests", "TaskManagementApi.Tests.csproj", "{7AAFB302-A043-D581-625B-23413EA5DF68}"
EndProject
Global
	GlobalSection(SolutionConfigurationPlatforms) = preSolution
		Debug|Any CPU = Debug|Any CPU
		Release|Any CPU = Release|Any CPU
	EndGlobalSection
	GlobalSection(ProjectConfigurationPlatforms) = postSolution
		{7AAFB302-A043-D581-625B-23413EA5DF68}.Debug|Any CPU.ActiveCfg = Debug|Any CPU
		{7AAFB302-A043-D581-625B-23413EA5DF68}.Debug|Any CPU.Build.0 = Debug|Any CPU
		{7AAFB302-A043-D581-625B-23413EA5DF68}.Release|Any CPU.ActiveCfg = Release|Any CPU
		{7AAFB302-A043-D581-625B-23413EA5DF68}.Release|Any CPU.Build.0 = Release|Any CPU
	EndGlobalSection
	GlobalSection(SolutionProperties) = preSolution
		HideSolutionNode = FALSE
	EndGlobalSection
	GlobalSection(ExtensibilityGlobals) = postSolution
		SolutionGuid = {ADC83001-891B-4F8D-B733-9C907373E326}
	EndGlobalSection
EndGlobal
